{
  "nodes": {
    "crane": {
      "locked": {
        "lastModified": 1733688869,
        "narHash": "sha256-KrhxxFj1CjESDrL5+u/zsVH0K+Ik9tvoac/oFPoxSB8=",
        "owner": "ipetkov",
        "repo": "crane",
        "rev": "604637106e420ad99907cae401e13ab6b452e7d9",
        "type": "github"
      },
      "original": {
        "owner": "ipetkov",
        "repo": "crane",
        "type": "github"
      }
    },
    "fenix": {
      "inputs": {
        "nixpkgs": [
          "nixpkgs"
        ],
        "rust-analyzer-src": "rust-analyzer-src"
      },
      "locked": {
        "lastModified": 1733899011,
        "narHash": "sha256-SpHdn/wQ1Y4YfpJ2WJBT+nFFMSDTtbQPtgFidonsiv0=",
        "owner": "nix-community",
        "repo": "fenix",
        "rev": "24b76cc6d5bebb01947ae7a3e6ac894239abc7be",
        "type": "github"
      },
      "original": {
        "owner": "nix-community",
        "repo": "fenix",
        "type": "github"
      }
    },
    "flake-parts": {
      "inputs": {
        "nixpkgs-lib": "nixpkgs-lib"
      },
      "locked": {
        "lastModified": 1727826117,
        "narHash": "sha256-K5ZLCyfO/Zj9mPFldf3iwS6oZStJcU4tSpiXTMYaaL0=",
        "owner": "hercules-ci",
        "repo": "flake-parts",
        "rev": "3d04084d54bedc3d6b8b736c70ef449225c361b1",
        "type": "github"
      },
      "original": {
        "owner": "hercules-ci",
        "repo": "flake-parts",
        "type": "github"
      }
    },
    "flake-utils": {
      "inputs": {
        "systems": "systems"
      },
      "locked": {
        "lastModified": 1731533236,
        "narHash": "sha256-l0KFg5HjrsfsO/JpG+r7fRrqm12kzFHyUHqHCVpMMbI=",
        "owner": "numtide",
        "repo": "flake-utils",
        "rev": "11707dc2f618dd54ca8739b309ec4fc024de578b",
        "type": "github"
      },
      "original": {
        "owner": "numtide",
        "repo": "flake-utils",
        "type": "github"
      }
    },
    "hc-launch": {
      "flake": false,
      "locked": {
        "lastModified": 1727250978,
        "narHash": "sha256-6u/VjFRV4eQQS4H0he7C0n7uNjzBBtkeoyN46jTO0mc=",
        "owner": "holochain",
        "repo": "hc-launch",
        "rev": "92afce654187be5abef67d34df20bd6464524cf3",
        "type": "github"
      },
      "original": {
        "owner": "holochain",
        "ref": "holochain-weekly",
        "repo": "hc-launch",
        "type": "github"
      }
    },
    "hc-scaffold": {
      "flake": false,
      "locked": {
        "lastModified": 1733423723,
        "narHash": "sha256-vtjxVjoDBqwt5KtBiahrMCQ76t8iwZDFUR/FNue+JNs=",
        "owner": "holochain",
        "repo": "scaffolding",
        "rev": "934b6840af793ccbcf3ac65a5cae52c0397bed09",
        "type": "github"
      },
      "original": {
        "owner": "holochain",
        "ref": "holochain-weekly",
        "repo": "scaffolding",
        "type": "github"
      }
    },
    "holochain": {
      "flake": false,
      "locked": {
        "lastModified": 1733879541,
        "narHash": "sha256-Xt+/ZOz8m6XRF4kjGC/8Rg6UBKq36AuS6iK69SRI3cM=",
        "owner": "holochain",
        "repo": "holochain",
        "rev": "5bfcc188568b5ff6ad3888d91558ae6e621d5438",
        "type": "github"
      },
      "original": {
        "owner": "holochain",
        "ref": "holochain-0.5.0-dev.9",
        "repo": "holochain",
        "type": "github"
      }
    },
    "holonix": {
      "inputs": {
        "crane": [
          "crane"
        ],
        "flake-parts": "flake-parts",
        "hc-launch": "hc-launch",
        "hc-scaffold": "hc-scaffold",
        "holochain": [
          "holochain"
        ],
        "lair-keystore": [
          "lair-keystore"
        ],
        "nixpkgs": [
          "nixpkgs"
        ],
        "rust-overlay": [
          "rust-overlay"
        ]
      },
      "locked": {
        "lastModified": 1733442372,
        "narHash": "sha256-+KV1j766XASUGVY0MfQ5qPby8b11SEchFdo4dAGaXdg=",
        "owner": "holochain",
        "repo": "holonix",
        "rev": "f2d5a97d232bc88492d7f9ce0a10f661f24dd3d9",
        "type": "github"
      },
      "original": {
        "owner": "holochain",
        "ref": "main",
        "repo": "holonix",
        "type": "github"
      }
    },
    "lair-keystore": {
      "flake": false,
      "locked": {
        "lastModified": 1732721902,
        "narHash": "sha256-D8sXIpOptaXib5bc6zS7KsGzu4D08jaL8Fx1W/mlADE=",
        "owner": "holochain",
        "repo": "lair",
        "rev": "e82937521ae9b7bdb30c8b0736c13cd4220a0223",
        "type": "github"
      },
      "original": {
        "owner": "holochain",
        "ref": "lair_keystore-v0.5.3",
        "repo": "lair",
        "type": "github"
      }
    },
    "nixpkgs": {
      "locked": {
        "lastModified": 1717179513,
        "narHash": "sha256-vboIEwIQojofItm2xGCdZCzW96U85l9nDW3ifMuAIdM=",
        "owner": "NixOS",
        "repo": "nixpkgs",
        "rev": "63dacb46bf939521bdc93981b4cbb7ecb58427a0",
        "type": "github"
      },
      "original": {
        "owner": "NixOS",
        "ref": "24.05",
        "repo": "nixpkgs",
        "type": "github"
      }
    },
    "nixpkgs-lib": {
      "locked": {
        "lastModified": 1727825735,
        "narHash": "sha256-0xHYkMkeLVQAMa7gvkddbPqpxph+hDzdu1XdGPJR+Os=",
        "type": "tarball",
        "url": "https://github.com/NixOS/nixpkgs/archive/fb192fec7cc7a4c26d51779e9bab07ce6fa5597a.tar.gz"
      },
      "original": {
        "type": "tarball",
        "url": "https://github.com/NixOS/nixpkgs/archive/fb192fec7cc7a4c26d51779e9bab07ce6fa5597a.tar.gz"
      }
    },
    "root": {
      "inputs": {
        "crane": "crane",
        "fenix": "fenix",
        "flake-utils": "flake-utils",
        "holochain": "holochain",
        "holonix": "holonix",
        "lair-keystore": "lair-keystore",
        "nixpkgs": "nixpkgs",
        "rust-overlay": "rust-overlay"
      }
    },
    "rust-analyzer-src": {
      "flake": false,
      "locked": {
        "lastModified": 1733814336,
        "narHash": "sha256-xKttEMfuf2hzcdiNQucxkvW2vCUe5e9HyfPntOcBSq0=",
        "owner": "rust-lang",
        "repo": "rust-analyzer",
        "rev": "7b4b83ba916800dfa4b4776790fdf6771c22f82e",
        "type": "github"
      },
      "original": {
        "owner": "rust-lang",
        "ref": "nightly",
        "repo": "rust-analyzer",
        "type": "github"
      }
    },
    "rust-overlay": {
      "inputs": {
        "nixpkgs": [
          "nixpkgs"
        ]
      },
      "locked": {
        "lastModified": 1733884434,
        "narHash": "sha256-8GXR9kC07dyOIshAyfZhG11xfvBRSZzYghnZ2weOKJU=",
        "owner": "oxalica",
        "repo": "rust-overlay",
        "rev": "d0483df44ddf0fd1985f564abccbe568e020ddf2",
        "type": "github"
      },
      "original": {
        "owner": "oxalica",
        "repo": "rust-overlay",
        "type": "github"
      }
    },
    "systems": {
      "locked": {
        "lastModified": 1681028828,
        "narHash": "sha256-Vy1rq5AaRuLzOxct8nz4T6wlgyUR7zLU309k9mBC768=",
        "owner": "nix-systems",
        "repo": "default",
        "rev": "da67096a3b9bf56a91d16901293e51ba5b49a27e",
        "type": "github"
      },
      "original": {
        "owner": "nix-systems",
        "repo": "default",
        "type": "github"
      }
    }
  },
  "root": "root",
  "version": 7
}
